
Microsoft Visual Studio Solution File, Format Version 12.00
# Visual Studio Version 16
VisualStudioVersion = 16.0.30413.136
MinimumVisualStudioVersion = 10.0.40219.1
Project("{FAE04EC0-301F-11D3-BF4B-00C04F79EFBC}") = "HelloWorld", "HelloWorld\HelloWorld.csproj", "{A877E76E-6B23-4F00-8063-9A6FEDE593EB}"
EndProject
Global
	GlobalSection(SolutionConfigurationPlatforms) = preSolution
		Debug|Any CPU = Debug|Any CPU
		Release|Any CPU = Release|Any CPU
	EndGlobalSection
	GlobalSection(ProjectConfigurationPlatforms) = postSolution
		{A877E76E-6B23-4F00-8063-9A6FEDE593EB}.Debug|Any CPU.ActiveCfg = Debug|Any CPU
		{A877E76E-6B23-4F00-8063-9A6FEDE593EB}.Debug|Any CPU.Build.0 = Debug|Any CPU
		{A877E76E-6B23-4F00-8063-9A6FEDE593EB}.Release|Any CPU.ActiveCfg = Release|Any CPU
		{A877E76E-6B23-4F00-8063-9A6FEDE593EB}.Release|Any CPU.Build.0 = Release|Any CPU
	EndGlobalSection
	GlobalSection(SolutionProperties) = preSolution
		HideSolutionNode = FALSE
	EndGlobalSection
	GlobalSection(ExtensibilityGlobals) = postSolution
		SolutionGuid = {93789AEE-5C74-4DB7-8FC7-AAEC53D58D69}
	EndGlobalSection
EndGlobal
